
Microsoft Visual Studio Solution File, Format Version 12.00
# Visual Studio Version 17
VisualStudioVersion = 17.4.33103.184
MinimumVisualStudioVersion = 10.0.40219.1
Project("{FAE04EC0-301F-11D3-BF4B-00C04F79EFBC}") = "BlazorApp1", "BlazorApp1\BlazorApp1.csproj", "{D3957990-CCA1-4A63-9009-050F54D896A7}"
EndProject
Global
	GlobalSection(SolutionConfigurationPlatforms) = preSolution
		Debug|Any CPU = Debug|Any CPU
		Release|Any CPU = Release|Any CPU
	EndGlobalSection
	GlobalSection(ProjectConfigurationPlatforms) = postSolution
		{D3957990-CCA1-4A63-9009-050F54D896A7}.Debug|Any CPU.ActiveCfg = Debug|Any CPU
		{D3957990-CCA1-4A63-9009-050F54D896A7}.Debug|Any CPU.Build.0 = Debug|Any CPU
		{D3957990-CCA1-4A63-9009-050F54D896A7}.Release|Any CPU.ActiveCfg = Release|Any CPU
		{D3957990-CCA1-4A63-9009-050F54D896A7}.Release|Any CPU.Build.0 = Release|Any CPU
	EndGlobalSection
	GlobalSection(SolutionProperties) = preSolution
		HideSolutionNode = FALSE
	EndGlobalSection
	GlobalSection(ExtensibilityGlobals) = postSolution
		SolutionGuid = {D0FDAA18-D10D-47BA-AA66-DC494C0D1E96}
	EndGlobalSection
EndGlobal
